
Microsoft Visual Studio Solution File, Format Version 9.00
# Visual Studio 2005
Project("{8BC9CEB8-8B4A-11D0-8D11-00A0C91BC942}") = "BRE_Wrapper", "BRE_Wrapper\BRE_Wrapper.vcproj", "{4DC945A4-5149-4654-921A-4A3273A2AAA9}"
	ProjectSection(WebsiteProperties) = preProject
		Debug.AspNetCompiler.Debug = "True"
		Release.AspNetCompiler.Debug = "False"
	EndProjectSection
	ProjectSection(ProjectDependencies) = postProject
		{01FA06AF-EE93-481C-9CCB-5C9386A602D1} = {01FA06AF-EE93-481C-9CCB-5C9386A602D1}
	EndProjectSection
EndProject
Project("{8BC9CEB8-8B4A-11D0-8D11-00A0C91BC942}") = "DLL", "DLL\DLL.vcproj", "{266D49F8-1D82-4026-942F-B5FFF767F93A}"
	ProjectSection(WebsiteProperties) = preProject
		Debug.AspNetCompiler.Debug = "True"
		Release.AspNetCompiler.Debug = "False"
	EndProjectSection
	ProjectSection(ProjectDependencies) = postProject
		{01FA06AF-EE93-481C-9CCB-5C9386A602D1} = {01FA06AF-EE93-481C-9CCB-5C9386A602D1}
	EndProjectSection
EndProject
Project("{8BC9CEB8-8B4A-11D0-8D11-00A0C91BC942}") = "DllTest", "dll\DllTest.vcproj", "{80050633-58E4-4534-8FA4-721577A3DF76}"
	ProjectSection(WebsiteProperties) = preProject
		Debug.AspNetCompiler.Debug = "True"
		Release.AspNetCompiler.Debug = "False"
	EndProjectSection
	ProjectSection(ProjectDependencies) = postProject
		{266D49F8-1D82-4026-942F-B5FFF767F93A} = {266D49F8-1D82-4026-942F-B5FFF767F93A}
	EndProjectSection
EndProject
Project("{8BC9CEB8-8B4A-11D0-8D11-00A0C91BC942}") = "Server", "Server\Server.vcproj", "{8D0A29F1-92E5-4C00-85FA-3079273C60E0}"
	ProjectSection(WebsiteProperties) = preProject
		Debug.AspNetCompiler.Debug = "True"
		Release.AspNetCompiler.Debug = "False"
	EndProjectSection
	ProjectSection(ProjectDependencies) = postProject
		{01FA06AF-EE93-481C-9CCB-5C9386A602D1} = {01FA06AF-EE93-481C-9CCB-5C9386A602D1}
	EndProjectSection
EndProject
Project("{8BC9CEB8-8B4A-11D0-8D11-00A0C91BC942}") = "common", "common\common.vcproj", "{01FA06AF-EE93-481C-9CCB-5C9386A602D1}"
	ProjectSection(WebsiteProperties) = preProject
		Debug.AspNetCompiler.Debug = "True"
		Release.AspNetCompiler.Debug = "False"
	EndProjectSection
EndProject
Global
	GlobalSection(SolutionConfigurationPlatforms) = preSolution
		Debug|Win32 = Debug|Win32
		Release|Win32 = Release|Win32
	EndGlobalSection
	GlobalSection(ProjectConfigurationPlatforms) = postSolution
		{4DC945A4-5149-4654-921A-4A3273A2AAA9}.Debug|Win32.ActiveCfg = Debug|Win32
		{4DC945A4-5149-4654-921A-4A3273A2AAA9}.Debug|Win32.Build.0 = Debug|Win32
		{4DC945A4-5149-4654-921A-4A3273A2AAA9}.Release|Win32.ActiveCfg = Release|Win32
		{4DC945A4-5149-4654-921A-4A3273A2AAA9}.Release|Win32.Build.0 = Release|Win32
		{266D49F8-1D82-4026-942F-B5FFF767F93A}.Debug|Win32.ActiveCfg = Debug|Win32
		{266D49F8-1D82-4026-942F-B5FFF767F93A}.Debug|Win32.Build.0 = Debug|Win32
		{266D49F8-1D82-4026-942F-B5FFF767F93A}.Release|Win32.ActiveCfg = Release|Win32
		{266D49F8-1D82-4026-942F-B5FFF767F93A}.Release|Win32.Build.0 = Release|Win32
		{80050633-58E4-4534-8FA4-721577A3DF76}.Debug|Win32.ActiveCfg = Debug|Win32
		{80050633-58E4-4534-8FA4-721577A3DF76}.Debug|Win32.Build.0 = Debug|Win32
		{80050633-58E4-4534-8FA4-721577A3DF76}.Release|Win32.ActiveCfg = Release|Win32
		{80050633-58E4-4534-8FA4-721577A3DF76}.Release|Win32.Build.0 = Release|Win32
		{8D0A29F1-92E5-4C00-85FA-3079273C60E0}.Debug|Win32.ActiveCfg = Debug|Win32
		{8D0A29F1-92E5-4C00-85FA-3079273C60E0}.Debug|Win32.Build.0 = Debug|Win32
		{8D0A29F1-92E5-4C00-85FA-3079273C60E0}.Release|Win32.ActiveCfg = Release|Win32
		{8D0A29F1-92E5-4C00-85FA-3079273C60E0}.Release|Win32.Build.0 = Release|Win32
		{01FA06AF-EE93-481C-9CCB-5C9386A602D1}.Debug|Win32.ActiveCfg = Debug|Win32
		{01FA06AF-EE93-481C-9CCB-5C9386A602D1}.Debug|Win32.Build.0 = Debug|Win32
		{01FA06AF-EE93-481C-9CCB-5C9386A602D1}.Release|Win32.ActiveCfg = Release|Win32
		{01FA06AF-EE93-481C-9CCB-5C9386A602D1}.Release|Win32.Build.0 = Release|Win32
	EndGlobalSection
	GlobalSection(SolutionProperties) = preSolution
		HideSolutionNode = FALSE
	EndGlobalSection
EndGlobal
